
Microsoft Visual Studio Solution File, Format Version 12.00
# Visual Studio Version 17
VisualStudioVersion = 17.6.33829.357
MinimumVisualStudioVersion = 10.0.40219.1
Project("{9A19103F-16F7-4668-BE54-9A1E7A4F7556}") = "AdbTestAssingment", "AbdTestAssingment\AdbTestAssingment.csproj", "{DD52A9A8-AE6C-4005-AF13-1DF1DFB1C019}"
EndProject
Global
	GlobalSection(SolutionConfigurationPlatforms) = preSolution
		Debug|Any CPU = Debug|Any CPU
		Release|Any CPU = Release|Any CPU
	EndGlobalSection
	GlobalSection(ProjectConfigurationPlatforms) = postSolution
		{DD52A9A8-AE6C-4005-AF13-1DF1DFB1C019}.Debug|Any CPU.ActiveCfg = Debug|Any CPU
		{DD52A9A8-AE6C-4005-AF13-1DF1DFB1C019}.Debug|Any CPU.Build.0 = Debug|Any CPU
		{DD52A9A8-AE6C-4005-AF13-1DF1DFB1C019}.Release|Any CPU.ActiveCfg = Release|Any CPU
		{DD52A9A8-AE6C-4005-AF13-1DF1DFB1C019}.Release|Any CPU.Build.0 = Release|Any CPU
	EndGlobalSection
	GlobalSection(SolutionProperties) = preSolution
		HideSolutionNode = FALSE
	EndGlobalSection
	GlobalSection(ExtensibilityGlobals) = postSolution
		SolutionGuid = {E001EE3B-B923-4251-B7A3-4EED05E35998}
	EndGlobalSection
EndGlobal
